// !$*UTF8*$!
{
	archiveVersion = 1;
	classes = {
	};
	objectVersion = 46;
	objects = {

/* Begin PBXBuildFile section */
		BF471EA71DF5D64100C81538 /* ShannonF.cpp in Sources */ = {isa = PBXBuildFile; fileRef = BF471E991DF5D64100C81538 /* ShannonF.cpp */; };
		BF471EA81DF5D64100C81538 /* main.cpp in Sources */ = {isa = PBXBuildFile; fileRef = BF471E9B1DF5D64100C81538 /* main.cpp */; };
		BF471EA91DF5D64100C81538 /* Huffman.cpp in Sources */ = {isa = PBXBuildFile; fileRef = BF471E9D1DF5D64100C81538 /* Huffman.cpp */; };
		BF471EAA1DF5D64100C81538 /* Compressor.cpp in Sources */ = {isa = PBXBuildFile; fileRef = BF471E9E1DF5D64100C81538 /* Compressor.cpp */; };
		BF471EAB1DF5D64100C81538 /* Counting.cpp in Sources */ = {isa = PBXBuildFile; fileRef = BF471E9F1DF5D64100C81538 /* Counting.cpp */; };
		BF471EAC1DF5D64100C81538 /* Decompressor.cpp in Sources */ = {isa = PBXBuildFile; fileRef = BF471EA11DF5D64100C81538 /* Decompressor.cpp */; };
		BF471EAD1DF5D64100C81538 /* Node.cpp in Sources */ = {isa = PBXBuildFile; fileRef = BF471EA61DF5D64100C81538 /* Node.cpp */; };
/* End PBXBuildFile section */

/* Begin PBXCopyFilesBuildPhase section */
		BF471E8D1DF5D60C00C81538 /* CopyFiles */ = {
			isa = PBXCopyFilesBuildPhase;
			buildActionMask = 2147483647;
			dstPath = /usr/share/man/man1/;
			dstSubfolderSpec = 0;
			files = (
			);
			runOnlyForDeploymentPostprocessing = 1;
		};
/* End PBXCopyFilesBuildPhase section */

/* Begin PBXFileReference section */
		BF471E8F1DF5D60D00C81538 /* Compress */ = {isa = PBXFileReference; explicitFileType = "compiled.mach-o.executable"; includeInIndex = 0; path = Compress; sourceTree = BUILT_PRODUCTS_DIR; };
		BF471E991DF5D64100C81538 /* ShannonF.cpp */ = {isa = PBXFileReference; fileEncoding = 4; lastKnownFileType = sourcecode.cpp.cpp; path = ShannonF.cpp; sourceTree = "<group>"; };
		BF471E9B1DF5D64100C81538 /* main.cpp */ = {isa = PBXFileReference; fileEncoding = 4; lastKnownFileType = sourcecode.cpp.cpp; path = main.cpp; sourceTree = "<group>"; };
		BF471E9C1DF5D64100C81538 /* ShannonF.h */ = {isa = PBXFileReference; fileEncoding = 4; lastKnownFileType = sourcecode.c.h; path = ShannonF.h; sourceTree = "<group>"; };
		BF471E9D1DF5D64100C81538 /* Huffman.cpp */ = {isa = PBXFileReference; fileEncoding = 4; lastKnownFileType = sourcecode.cpp.cpp; path = Huffman.cpp; sourceTree = "<group>"; };
		BF471E9E1DF5D64100C81538 /* Compressor.cpp */ = {isa = PBXFileReference; fileEncoding = 4; lastKnownFileType = sourcecode.cpp.cpp; path = Compressor.cpp; sourceTree = "<group>"; };
		BF471E9F1DF5D64100C81538 /* Counting.cpp */ = {isa = PBXFileReference; fileEncoding = 4; lastKnownFileType = sourcecode.cpp.cpp; path = Counting.cpp; sourceTree = "<group>"; };
		BF471EA01DF5D64100C81538 /* Decompressor.hpp */ = {isa = PBXFileReference; fileEncoding = 4; lastKnownFileType = sourcecode.cpp.h; path = Decompressor.hpp; sourceTree = "<group>"; };
		BF471EA11DF5D64100C81538 /* Decompressor.cpp */ = {isa = PBXFileReference; fileEncoding = 4; lastKnownFileType = sourcecode.cpp.cpp; path = Decompressor.cpp; sourceTree = "<group>"; };
		BF471EA21DF5D64100C81538 /* Compressor.hpp */ = {isa = PBXFileReference; fileEncoding = 4; lastKnownFileType = sourcecode.cpp.h; path = Compressor.hpp; sourceTree = "<group>"; };
		BF471EA31DF5D64100C81538 /* Huffman.hpp */ = {isa = PBXFileReference; fileEncoding = 4; lastKnownFileType = sourcecode.cpp.h; path = Huffman.hpp; sourceTree = "<group>"; };
		BF471EA41DF5D64100C81538 /* Node.hpp */ = {isa = PBXFileReference; fileEncoding = 4; lastKnownFileType = sourcecode.cpp.h; path = Node.hpp; sourceTree = "<group>"; };
		BF471EA51DF5D64100C81538 /* Counting.hpp */ = {isa = PBXFileReference; fileEncoding = 4; lastKnownFileType = sourcecode.cpp.h; path = Counting.hpp; sourceTree = "<group>"; };
		BF471EA61DF5D64100C81538 /* Node.cpp */ = {isa = PBXFileReference; fileEncoding = 4; lastKnownFileType = sourcecode.cpp.cpp; path = Node.cpp; sourceTree = "<group>"; };
/* End PBXFileReference section */

/* Begin PBXFrameworksBuildPhase section */
		BF471E8C1DF5D60C00C81538 /* Frameworks */ = {
			isa = PBXFrameworksBuildPhase;
			buildActionMask = 2147483647;
			files = (
			);
			runOnlyForDeploymentPostprocessing = 0;
		};
/* End PBXFrameworksBuildPhase section */

/* Begin PBXGroup section */
		BF471E861DF5D60C00C81538 = {
			isa = PBXGroup;
			children = (
				BF471E911DF5D60D00C81538 /* Compress */,
				BF471E901DF5D60D00C81538 /* Products */,
			);
			sourceTree = "<group>";
		};
		BF471E901DF5D60D00C81538 /* Products */ = {
			isa = PBXGroup;
			children = (
				BF471E8F1DF5D60D00C81538 /* Compress */,
			);
			name = Products;
			sourceTree = "<group>";
		};
		BF471E911DF5D60D00C81538 /* Compress */ = {
			isa = PBXGroup;
			children = (
				BF471E991DF5D64100C81538 /* ShannonF.cpp */,
				BF471E9B1DF5D64100C81538 /* main.cpp */,
				BF471E9C1DF5D64100C81538 /* ShannonF.h */,
				BF471E9D1DF5D64100C81538 /* Huffman.cpp */,
				BF471E9E1DF5D64100C81538 /* Compressor.cpp */,
				BF471E9F1DF5D64100C81538 /* Counting.cpp */,
				BF471EA01DF5D64100C81538 /* Decompressor.hpp */,
				BF471EA11DF5D64100C81538 /* Decompressor.cpp */,
				BF471EA21DF5D64100C81538 /* Compressor.hpp */,
				BF471EA31DF5D64100C81538 /* Huffman.hpp */,
				BF471EA41DF5D64100C81538 /* Node.hpp */,
				BF471EA51DF5D64100C81538 /* Counting.hpp */,
				BF471EA61DF5D64100C81538 /* Node.cpp */,
			);
			path = Compress;
			sourceTree = "<group>";
		};
/* End PBXGroup section */

/* Begin PBXNativeTarget section */
		BF471E8E1DF5D60C00C81538 /* Compress */ = {
			isa = PBXNativeTarget;
			buildConfigurationList = BF471E961DF5D60D00C81538 /* Build configuration list for PBXNativeTarget "Compress" */;
			buildPhases = (
				BF471E8B1DF5D60C00C81538 /* Sources */,
				BF471E8C1DF5D60C00C81538 /* Frameworks */,
				BF471E8D1DF5D60C00C81538 /* CopyFiles */,
			);
			buildRules = (
			);
			dependencies = (
			);
			name = Compress;
			productName = Compress;
			productReference = BF471E8F1DF5D60D00C81538 /* Compress */;
			productType = "com.apple.product-type.tool";
		};
/* End PBXNativeTarget section */

/* Begin PBXProject section */
		BF471E871DF5D60C00C81538 /* Project object */ = {
			isa = PBXProject;
			attributes = {
				LastUpgradeCheck = 0810;
				ORGANIZATIONNAME = "Viet Nguyen";
				TargetAttributes = {
					BF471E8E1DF5D60C00C81538 = {
						CreatedOnToolsVersion = 8.1;
						DevelopmentTeam = XX7927P9EL;
						ProvisioningStyle = Automatic;
					};
				};
			};
			buildConfigurationList = BF471E8A1DF5D60C00C81538 /* Build configuration list for PBXProject "Compress" */;
			compatibilityVersion = "Xcode 3.2";
			developmentRegion = English;
			hasScannedForEncodings = 0;
			knownRegions = (
				en,
			);
			mainGroup = BF471E861DF5D60C00C81538;
			productRefGroup = BF471E901DF5D60D00C81538 /* Products */;
			projectDirPath = "";
			projectRoot = "";
			targets = (
				BF471E8E1DF5D60C00C81538 /* Compress */,
			);
		};
/* End PBXProject section */

/* Begin PBXSourcesBuildPhase section */
		BF471E8B1DF5D60C00C81538 /* Sources */ = {
			isa = PBXSourcesBuildPhase;
			buildActionMask = 2147483647;
			files = (
				BF471EAA1DF5D64100C81538 /* Compressor.cpp in Sources */,
				BF471EAD1DF5D64100C81538 /* Node.cpp in Sources */,
				BF471EAC1DF5D64100C81538 /* Decompressor.cpp in Sources */,
				BF471EAB1DF5D64100C81538 /* Counting.cpp in Sources */,
				BF471EA81DF5D64100C81538 /* main.cpp in Sources */,
				BF471EA71DF5D64100C81538 /* ShannonF.cpp in Sources */,
				BF471EA91DF5D64100C81538 /* Huffman.cpp in Sources */,
			);
			runOnlyForDeploymentPostprocessing = 0;
		};
/* End PBXSourcesBuildPhase section */

/* Begin XCBuildConfiguration section */
		BF471E941DF5D60D00C81538 /* Debug */ = {
			isa = XCBuildConfiguration;
			buildSettings = {
				ALWAYS_SEARCH_USER_PATHS = NO;
				CLANG_ANALYZER_NONNULL = YES;
				CLANG_CXX_LANGUAGE_STANDARD = "gnu++0x";
				CLANG_CXX_LIBRARY = "libc++";
				CLANG_ENABLE_MODULES = YES;
				CLANG_ENABLE_OBJC_ARC = YES;
				CLANG_WARN_BOOL_CONVERSION = YES;
				CLANG_WARN_CONSTANT_CONVERSION = YES;
				CLANG_WARN_DIRECT_OBJC_ISA_USAGE = YES_ERROR;
				CLANG_WARN_DOCUMENTATION_COMMENTS = YES;
				CLANG_WARN_EMPTY_BODY = YES;
				CLANG_WARN_ENUM_CONVERSION = YES;
				CLANG_WARN_INFINITE_RECURSION = YES;
				CLANG_WARN_INT_CONVERSION = YES;
				CLANG_WARN_OBJC_ROOT_CLASS = YES_ERROR;
				CLANG_WARN_SUSPICIOUS_MOVES = YES;
				CLANG_WARN_UNREACHABLE_CODE = YES;
				CLANG_WARN__DUPLICATE_METHOD_MATCH = YES;
				CODE_SIGN_IDENTITY = "-";
				COPY_PHASE_STRIP = NO;
				DEBUG_INFORMATION_FORMAT = dwarf;
				ENABLE_STRICT_OBJC_MSGSEND = YES;
				ENABLE_TESTABILITY = YES;
				GCC_C_LANGUAGE_STANDARD = gnu99;
				GCC_DYNAMIC_NO_PIC = NO;
				GCC_NO_COMMON_BLOCKS = YES;
				GCC_OPTIMIZATION_LEVEL = 0;
				GCC_PREPROCESSOR_DEFINITIONS = (
					"DEBUG=1",
					"$(inherited)",
				);
				GCC_WARN_64_TO_32_BIT_CONVERSION = YES;
				GCC_WARN_ABOUT_RETURN_TYPE = YES_ERROR;
				GCC_WARN_UNDECLARED_SELECTOR = YES;
				GCC_WARN_UNINITIALIZED_AUTOS = YES_AGGRESSIVE;
				GCC_WARN_UNUSED_FUNCTION = YES;
				GCC_WARN_UNUSED_VARIABLE = YES;
				MACOSX_DEPLOYMENT_TARGET = 10.12;
				MTL_ENABLE_DEBUG_INFO = YES;
				ONLY_ACTIVE_ARCH = YES;
				SDKROOT = macosx;
			};
			name = Debug;
		};
		BF471E951DF5D60D00C81538 /* Release */ = {
			isa = XCBuildConfiguration;
			buildSettings = {
				ALWAYS_SEARCH_USER_PATHS = NO;
				CLANG_ANALYZER_NONNULL = YES;
				CLANG_CXX_LANGUAGE_STANDARD = "gnu++0x";
				CLANG_CXX_LIBRARY = "libc++";
				CLANG_ENABLE_MODULES = YES;
				CLANG_ENABLE_OBJC_ARC = YES;
				CLANG_WARN_BOOL_CONVERSION = YES;
				CLANG_WARN_CONSTANT_CONVERSION = YES;
				CLANG_WARN_DIRECT_OBJC_ISA_USAGE = YES_ERROR;
				CLANG_WARN_DOCUMENTATION_COMMENTS = YES;
				CLANG_WARN_EMPTY_BODY = YES;
				CLANG_WARN_ENUM_CONVERSION = YES;
				CLANG_WARN_INFINITE_RECURSION = YES;
				CLANG_WARN_INT_CONVERSION = YES;
				CLANG_WARN_OBJC_ROOT_CLASS = YES_ERROR;
				CLANG_WARN_SUSPICIOUS_MOVES = YES;
				CLANG_WARN_UNREACHABLE_CODE = YES;
				CLANG_WARN__DUPLICATE_METHOD_MATCH = YES;
				CODE_SIGN_IDENTITY = "-";
				COPY_PHASE_STRIP = NO;
				DEBUG_INFORMATION_FORMAT = "dwarf-with-dsym";
				ENABLE_NS_ASSERTIONS = NO;
				ENABLE_STRICT_OBJC_MSGSEND = YES;
				GCC_C_LANGUAGE_STANDARD = gnu99;
				GCC_NO_COMMON_BLOCKS = YES;
				GCC_WARN_64_TO_32_BIT_CONVERSION = YES;
				GCC_WARN_ABOUT_RETURN_TYPE = YES_ERROR;
				GCC_WARN_UNDECLARED_SELECTOR = YES;
				GCC_WARN_UNINITIALIZED_AUTOS = YES_AGGRESSIVE;
				GCC_WARN_UNUSED_FUNCTION = YES;
				GCC_WARN_UNUSED_VARIABLE = YES;
				MACOSX_DEPLOYMENT_TARGET = 10.12;
				MTL_ENABLE_DEBUG_INFO = NO;
				SDKROOT = macosx;
			};
			name = Release;
		};
		BF471E971DF5D60D00C81538 /* Debug */ = {
			isa = XCBuildConfiguration;
			buildSettings = {
				DEVELOPMENT_TEAM = XX7927P9EL;
				PRODUCT_NAME = "$(TARGET_NAME)";
			};
			name = Debug;
		};
		BF471E981DF5D60D00C81538 /* Release */ = {
			isa = XCBuildConfiguration;
			buildSettings = {
				DEVELOPMENT_TEAM = XX7927P9EL;
				PRODUCT_NAME = "$(TARGET_NAME)";
			};
			name = Release;
		};
/* End XCBuildConfiguration section */

/* Begin XCConfigurationList section */
		BF471E8A1DF5D60C00C81538 /* Build configuration list for PBXProject "Compress" */ = {
			isa = XCConfigurationList;
			buildConfigurations = (
				BF471E941DF5D60D00C81538 /* Debug */,
				BF471E951DF5D60D00C81538 /* Release */,
			);
			defaultConfigurationIsVisible = 0;
			defaultConfigurationName = Release;
		};
		BF471E961DF5D60D00C81538 /* Build configuration list for PBXNativeTarget "Compress" */ = {
			isa = XCConfigurationList;
			buildConfigurations = (
				BF471E971DF5D60D00C81538 /* Debug */,
				BF471E981DF5D60D00C81538 /* Release */,
			);
			defaultConfigurationIsVisible = 0;
			defaultConfigurationName = Release;
		};
/* End XCConfigurationList section */
	};
	rootObject = BF471E871DF5D60C00C81538 /* Project object */;
}
